// !$*UTF8*$!
{
	archiveVersion = 1;
	classes = {
	};
	objectVersion = 39;
	objects = {
		089C165FFE840EACC02AAC07 = {
			children = (
				089C1660FE840EACC02AAC07,
			);
			isa = PBXVariantGroup;
			name = InfoPlist.strings;
			refType = 4;
			sourceTree = "<group>";
		};
		089C1660FE840EACC02AAC07 = {
			fileEncoding = 10;
			isa = PBXFileReference;
			lastKnownFileType = text.plist.strings;
			name = English;
			path = English.lproj/InfoPlist.strings;
			refType = 4;
			sourceTree = "<group>";
		};
//080
//081
//082
//083
//084
//100
//101
//102
//103
//104
		1058C7A6FEA54F5311CA2CBB = {
			children = (
				1058C7A7FEA54F5311CA2CBB,
			);
			isa = PBXGroup;
			name = "Linked Frameworks";
			refType = 4;
			sourceTree = "<group>";
		};
		1058C7A7FEA54F5311CA2CBB = {
			fallbackIsa = PBXFileReference;
			isa = PBXFrameworkReference;
			lastKnownFileType = wrapper.framework;
			name = Cocoa.framework;
			path = /System/Library/Frameworks/Cocoa.framework;
			refType = 0;
			sourceTree = "<absolute>";
		};
		1058C7A8FEA54F5311CA2CBB = {
			children = (
				2A37F4C5FDCFA73011CA2CEA,
				2A37F4C4FDCFA73011CA2CEA,
			);
			isa = PBXGroup;
			name = "Other Frameworks";
			refType = 4;
			sourceTree = "<group>";
		};
//100
//101
//102
//103
//104
//190
//191
//192
//193
//194
		19C28FB0FE9D524F11CA2CBB = {
			children = (
				8D15AC370486D014006FF6A4,
			);
			isa = PBXGroup;
			name = Products;
			refType = 4;
			sourceTree = "<group>";
		};
//190
//191
//192
//193
//194
//1F0
//1F1
//1F2
//1F3
//1F4
		1F5EE70205C882C4008B5592 = {
			fileEncoding = 30;
			isa = PBXFileReference;
			lastKnownFileType = text.html;
			path = Credits.html;
			refType = 4;
			sourceTree = "<group>";
		};
		1F5EE70305C882C4008B5592 = {
			fileRef = 1F5EE70205C882C4008B5592;
			isa = PBXBuildFile;
			settings = {
			};
		};
		1F688A7D05C9796200AAD092 = {
			fileEncoding = 30;
			isa = PBXFileReference;
			lastKnownFileType = sourcecode.c.h;
			path = AnaglyphApplicationDelegate.h;
			refType = 4;
			sourceTree = "<group>";
		};
		1F688A7E05C9796200AAD092 = {
			fileEncoding = 30;
			isa = PBXFileReference;
			lastKnownFileType = sourcecode.c.objc;
			path = AnaglyphApplicationDelegate.m;
			refType = 4;
			sourceTree = "<group>";
		};
		1F688A7F05C9796200AAD092 = {
			fileRef = 1F688A7D05C9796200AAD092;
			isa = PBXBuildFile;
			settings = {
			};
		};
		1F688A8005C9796200AAD092 = {
			fileRef = 1F688A7E05C9796200AAD092;
			isa = PBXBuildFile;
			settings = {
			};
		};
		1F918FED05C889BC004F9E4D = {
			fileEncoding = 30;
			isa = PBXFileReference;
			lastKnownFileType = sourcecode.c.h;
			path = AnaglyphController.h;
			refType = 4;
			sourceTree = "<group>";
		};
		1F918FEE05C889BC004F9E4D = {
			fileEncoding = 30;
			isa = PBXFileReference;
			lastKnownFileType = sourcecode.c.objc;
			path = AnaglyphController.m;
			refType = 4;
			sourceTree = "<group>";
		};
		1F918FEF05C889BC004F9E4D = {
			fileRef = 1F918FED05C889BC004F9E4D;
			isa = PBXBuildFile;
			settings = {
			};
		};
		1F918FF005C889BC004F9E4D = {
			fileRef = 1F918FEE05C889BC004F9E4D;
			isa = PBXBuildFile;
			settings = {
			};
		};
		1FA5E1EE05C8C27300B3FBD7 = {
			isa = PBXFileReference;
			lastKnownFileType = image.icns;
			path = anaglyph.icns;
			refType = 4;
			sourceTree = "<group>";
		};
		1FA5E1EF05C8C27300B3FBD7 = {
			isa = PBXFileReference;
			lastKnownFileType = image.icns;
			path = anaglyph_docicon.icns;
			refType = 4;
			sourceTree = "<group>";
		};
		1FA5E1F005C8C27300B3FBD7 = {
			fileRef = 1FA5E1EE05C8C27300B3FBD7;
			isa = PBXBuildFile;
			settings = {
			};
		};
		1FA5E1F105C8C27300B3FBD7 = {
			fileRef = 1FA5E1EF05C8C27300B3FBD7;
			isa = PBXBuildFile;
			settings = {
			};
		};
		1FB6DFEA05D7ED22005C765F = {
			fileEncoding = 30;
			isa = PBXFileReference;
			lastKnownFileType = sourcecode.c.objc;
			path = "NSImage-Normalize.m";
			refType = 4;
			sourceTree = "<group>";
		};
		1FB6DFEB05D7ED22005C765F = {
			fileEncoding = 30;
			isa = PBXFileReference;
			lastKnownFileType = sourcecode.c.h;
			path = "NSImage-Normalize.h";
			refType = 4;
			sourceTree = "<group>";
		};
		1FB6DFEC05D7ED22005C765F = {
			fileRef = 1FB6DFEA05D7ED22005C765F;
			isa = PBXBuildFile;
			settings = {
			};
		};
		1FB6DFED05D7ED22005C765F = {
			fileRef = 1FB6DFEB05D7ED22005C765F;
			isa = PBXBuildFile;
			settings = {
			};
		};
		1FDB0A9505C89FFC004326C0 = {
			fileEncoding = 4;
			isa = PBXFileReference;
			lastKnownFileType = sourcecode.c.h;
			path = "NSImage+anaglyph.h";
			refType = 4;
			sourceTree = "<group>";
		};
		1FDB0A9605C89FFC004326C0 = {
			fileEncoding = 4;
			isa = PBXFileReference;
			lastKnownFileType = sourcecode.c.objc;
			path = "NSImage+anaglyph.m";
			refType = 4;
			sourceTree = "<group>";
		};
		1FDB0A9705C89FFC004326C0 = {
			fileRef = 1FDB0A9505C89FFC004326C0;
			isa = PBXBuildFile;
			settings = {
			};
		};
		1FDB0A9805C89FFC004326C0 = {
			fileRef = 1FDB0A9605C89FFC004326C0;
			isa = PBXBuildFile;
			settings = {
			};
		};
		1FE2B22A05D70A5F00461DCF = {
			fileEncoding = 30;
			isa = PBXFileReference;
			lastKnownFileType = sourcecode.c.h;
			path = NKDNotifyingImageView.h;
			refType = 4;
			sourceTree = "<group>";
		};
		1FE2B22B05D70A5F00461DCF = {
			fileEncoding = 30;
			isa = PBXFileReference;
			lastKnownFileType = sourcecode.c.objc;
			path = NKDNotifyingImageView.m;
			refType = 4;
			sourceTree = "<group>";
		};
		1FE2B22C05D70A5F00461DCF = {
			fileRef = 1FE2B22A05D70A5F00461DCF;
			isa = PBXBuildFile;
			settings = {
			};
		};
		1FE2B22D05D70A5F00461DCF = {
			fileRef = 1FE2B22B05D70A5F00461DCF;
			isa = PBXBuildFile;
			settings = {
			};
		};
		1FFA9DFD05C9978100D9D57B = {
			isa = PBXFileReference;
			lastKnownFileType = folder;
			path = "AnaglyphMaker Help";
			refType = 4;
			sourceTree = "<group>";
		};
		1FFA9E0205C9978100D9D57B = {
			fileRef = 1FFA9DFD05C9978100D9D57B;
			isa = PBXBuildFile;
			settings = {
			};
		};
		1FFA9E0C05C9D39C00D9D57B = {
			isa = PBXFileReference;
			lastKnownFileType = folder;
			path = images;
			refType = 4;
			sourceTree = "<group>";
		};
		1FFA9E1905C9D39C00D9D57B = {
			fileRef = 1FFA9E0C05C9D39C00D9D57B;
			isa = PBXBuildFile;
			settings = {
			};
		};
//1F0
//1F1
//1F2
//1F3
//1F4
//2A0
//2A1
//2A2
//2A3
//2A4
		2A37F4A9FDCFA73011CA2CEA = {
			buildSettings = {
			};
			buildStyles = (
				4A9504D0FFE6A4CB11CA0CBA,
				4A9504D1FFE6A4CB11CA0CBA,
			);
			hasScannedForEncodings = 1;
			isa = PBXProject;
			mainGroup = 2A37F4AAFDCFA73011CA2CEA;
			projectDirPath = "";
			targets = (
				8D15AC270486D014006FF6A4,
			);
		};
		2A37F4AAFDCFA73011CA2CEA = {
			children = (
				2A37F4ABFDCFA73011CA2CEA,
				2A37F4AFFDCFA73011CA2CEA,
				2A37F4B8FDCFA73011CA2CEA,
				2A37F4C3FDCFA73011CA2CEA,
				19C28FB0FE9D524F11CA2CBB,
			);
			isa = PBXGroup;
			name = AnaglyphMaker;
			path = "";
			refType = 4;
			sourceTree = "<group>";
		};
		2A37F4ABFDCFA73011CA2CEA = {
			children = (
				1FB6DFEA05D7ED22005C765F,
				1FB6DFEB05D7ED22005C765F,
				1FE2B22A05D70A5F00461DCF,
				1FE2B22B05D70A5F00461DCF,
				2A37F4AEFDCFA73011CA2CEA,
				2A37F4ACFDCFA73011CA2CEA,
				1F918FED05C889BC004F9E4D,
				1F918FEE05C889BC004F9E4D,
				1FDB0A9505C89FFC004326C0,
				1FDB0A9605C89FFC004326C0,
				1F688A7D05C9796200AAD092,
				1F688A7E05C9796200AAD092,
			);
			isa = PBXGroup;
			name = Classes;
			path = "";
			refType = 4;
			sourceTree = "<group>";
		};
		2A37F4ACFDCFA73011CA2CEA = {
			fileEncoding = 30;
			isa = PBXFileReference;
			lastKnownFileType = sourcecode.c.objc;
			path = AnaglyphDocument.m;
			refType = 4;
			sourceTree = "<group>";
		};
		2A37F4AEFDCFA73011CA2CEA = {
			fileEncoding = 30;
			isa = PBXFileReference;
			lastKnownFileType = sourcecode.c.h;
			path = AnaglyphDocument.h;
			refType = 4;
			sourceTree = "<group>";
		};
		2A37F4AFFDCFA73011CA2CEA = {
			children = (
				32DBCF750370BD2300C91783,
				2A37F4B0FDCFA73011CA2CEA,
			);
			isa = PBXGroup;
			name = "Other Sources";
			path = "";
			refType = 4;
			sourceTree = "<group>";
		};
		2A37F4B0FDCFA73011CA2CEA = {
			fileEncoding = 30;
			isa = PBXFileReference;
			lastKnownFileType = sourcecode.c.objc;
			path = main.m;
			refType = 4;
			sourceTree = "<group>";
		};
		2A37F4B4FDCFA73011CA2CEA = {
			children = (
				2A37F4B5FDCFA73011CA2CEA,
			);
			isa = PBXVariantGroup;
			name = AnaglyphDocument.nib;
			path = "";
			refType = 4;
			sourceTree = "<group>";
		};
		2A37F4B5FDCFA73011CA2CEA = {
			isa = PBXFileReference;
			lastKnownFileType = wrapper.nib;
			name = English;
			path = English.lproj/AnaglyphDocument.nib;
			refType = 4;
			sourceTree = "<group>";
		};
		2A37F4B6FDCFA73011CA2CEA = {
			children = (
				2A37F4B7FDCFA73011CA2CEA,
			);
			isa = PBXVariantGroup;
			name = MainMenu.nib;
			path = "";
			refType = 4;
			sourceTree = "<group>";
		};
		2A37F4B7FDCFA73011CA2CEA = {
			isa = PBXFileReference;
			lastKnownFileType = wrapper.nib;
			name = English;
			path = English.lproj/MainMenu.nib;
			refType = 4;
			sourceTree = "<group>";
		};
		2A37F4B8FDCFA73011CA2CEA = {
			children = (
				1FFA9DFD05C9978100D9D57B,
				1FFA9E0C05C9D39C00D9D57B,
				1FA5E1EE05C8C27300B3FBD7,
				1FA5E1EF05C8C27300B3FBD7,
				2A37F4B9FDCFA73011CA2CEA,
				2A37F4B6FDCFA73011CA2CEA,
				2A37F4B4FDCFA73011CA2CEA,
				8D15AC360486D014006FF6A4,
				089C165FFE840EACC02AAC07,
				1F5EE70205C882C4008B5592,
			);
			isa = PBXGroup;
			name = Resources;
			path = "";
			refType = 4;
			sourceTree = "<group>";
		};
		2A37F4B9FDCFA73011CA2CEA = {
			children = (
				2A37F4BAFDCFA73011CA2CEA,
			);
			isa = PBXVariantGroup;
			name = Credits.rtf;
			path = "";
			refType = 4;
			sourceTree = "<group>";
		};
		2A37F4BAFDCFA73011CA2CEA = {
			isa = PBXFileReference;
			lastKnownFileType = text.rtf;
			name = English;
			path = English.lproj/Credits.rtf;
			refType = 4;
			sourceTree = "<group>";
		};
		2A37F4C3FDCFA73011CA2CEA = {
			children = (
				1058C7A6FEA54F5311CA2CBB,
				1058C7A8FEA54F5311CA2CBB,
			);
			isa = PBXGroup;
			name = Frameworks;
			path = "";
			refType = 4;
			sourceTree = "<group>";
		};
		2A37F4C4FDCFA73011CA2CEA = {
			fallbackIsa = PBXFileReference;
			isa = PBXFrameworkReference;
			lastKnownFileType = wrapper.framework;
			name = AppKit.framework;
			path = /System/Library/Frameworks/AppKit.framework;
			refType = 0;
			sourceTree = "<absolute>";
		};
		2A37F4C5FDCFA73011CA2CEA = {
			fallbackIsa = PBXFileReference;
			isa = PBXFrameworkReference;
			lastKnownFileType = wrapper.framework;
			name = Foundation.framework;
			path = /System/Library/Frameworks/Foundation.framework;
			refType = 0;
			sourceTree = "<absolute>";
		};
//2A0
//2A1
//2A2
//2A3
//2A4
//320
//321
//322
//323
//324
		32DBCF750370BD2300C91783 = {
			fileEncoding = 4;
			isa = PBXFileReference;
			lastKnownFileType = sourcecode.c.h;
			path = AnaglyphMaker_Prefix.pch;
			refType = 4;
			sourceTree = "<group>";
		};
//320
//321
//322
//323
//324
//4A0
//4A1
//4A2
//4A3
//4A4
		4A9504D0FFE6A4CB11CA0CBA = {
			buildRules = (
			);
			buildSettings = {
				COPY_PHASE_STRIP = NO;
				DEBUGGING_SYMBOLS = YES;
				GCC_DYNAMIC_NO_PIC = NO;
				GCC_ENABLE_FIX_AND_CONTINUE = YES;
				GCC_GENERATE_DEBUGGING_SYMBOLS = YES;
				GCC_OPTIMIZATION_LEVEL = 0;
				OPTIMIZATION_CFLAGS = "-O0";
				ZERO_LINK = YES;
			};
			isa = PBXBuildStyle;
			name = Development;
		};
		4A9504D1FFE6A4CB11CA0CBA = {
			buildRules = (
			);
			buildSettings = {
				COPY_PHASE_STRIP = YES;
				CURRENT_PROJECT_VERSION = 4;
				GCC_ENABLE_FIX_AND_CONTINUE = NO;
				MACOSX_DEPLOYMENT_TARGET = 10.3;
				ZERO_LINK = NO;
			};
			isa = PBXBuildStyle;
			name = Deployment;
		};
//4A0
//4A1
//4A2
//4A3
//4A4
//8D0
//8D1
//8D2
//8D3
//8D4
		8D15AC270486D014006FF6A4 = {
			buildPhases = (
				8D15AC280486D014006FF6A4,
				8D15AC2B0486D014006FF6A4,
				8D15AC300486D014006FF6A4,
				8D15AC330486D014006FF6A4,
			);
			buildRules = (
			);
			buildSettings = {
				FRAMEWORK_SEARCH_PATHS = "";
				GCC_ENABLE_TRIGRAPHS = NO;
				GCC_GENERATE_DEBUGGING_SYMBOLS = NO;
				GCC_PRECOMPILE_PREFIX_HEADER = YES;
				GCC_PREFIX_HEADER = AnaglyphMaker_Prefix.pch;
				GCC_WARN_ABOUT_MISSING_PROTOTYPES = NO;
				GCC_WARN_FOUR_CHARACTER_CONSTANTS = NO;
				GCC_WARN_UNKNOWN_PRAGMAS = NO;
				HEADER_SEARCH_PATHS = "";
				INFOPLIST_FILE = Info.plist;
				INSTALL_PATH = "$(HOME)/Applications";
				LIBRARY_SEARCH_PATHS = "";
				MACOSX_DEPLOYMENT_TARGET = 10.1;
				OTHER_CFLAGS = "";
				OTHER_LDFLAGS = "";
				PRODUCT_NAME = AnaglyphMaker;
				SECTORDER_FLAGS = "";
				WARNING_CFLAGS = "-Wmost -Wno-four-char-constants -Wno-unknown-pragmas";
				WRAPPER_EXTENSION = app;
			};
			dependencies = (
			);
			isa = PBXNativeTarget;
			name = AnaglyphMaker;
			productInstallPath = "$(HOME)/Applications";
			productName = AnaglyphMaker;
			productReference = 8D15AC370486D014006FF6A4;
			productType = "com.apple.product-type.application";
		};
		8D15AC280486D014006FF6A4 = {
			buildActionMask = 2147483647;
			files = (
				8D15AC290486D014006FF6A4,
				8D15AC2A0486D014006FF6A4,
				1F918FEF05C889BC004F9E4D,
				1FDB0A9705C89FFC004326C0,
				1F688A7F05C9796200AAD092,
				1FE2B22C05D70A5F00461DCF,
				1FB6DFED05D7ED22005C765F,
			);
			isa = PBXHeadersBuildPhase;
			runOnlyForDeploymentPostprocessing = 0;
		};
		8D15AC290486D014006FF6A4 = {
			fileRef = 32DBCF750370BD2300C91783;
			isa = PBXBuildFile;
			settings = {
			};
		};
		8D15AC2A0486D014006FF6A4 = {
			fileRef = 2A37F4AEFDCFA73011CA2CEA;
			isa = PBXBuildFile;
			settings = {
			};
		};
		8D15AC2B0486D014006FF6A4 = {
			buildActionMask = 2147483647;
			files = (
				8D15AC2C0486D014006FF6A4,
				8D15AC2D0486D014006FF6A4,
				8D15AC2E0486D014006FF6A4,
				8D15AC2F0486D014006FF6A4,
				1F5EE70305C882C4008B5592,
				1FA5E1F005C8C27300B3FBD7,
				1FA5E1F105C8C27300B3FBD7,
				1FFA9E0205C9978100D9D57B,
				1FFA9E1905C9D39C00D9D57B,
			);
			isa = PBXResourcesBuildPhase;
			runOnlyForDeploymentPostprocessing = 0;
		};
		8D15AC2C0486D014006FF6A4 = {
			fileRef = 2A37F4B9FDCFA73011CA2CEA;
			isa = PBXBuildFile;
			settings = {
			};
		};
		8D15AC2D0486D014006FF6A4 = {
			fileRef = 2A37F4B6FDCFA73011CA2CEA;
			isa = PBXBuildFile;
			settings = {
			};
		};
		8D15AC2E0486D014006FF6A4 = {
			fileRef = 2A37F4B4FDCFA73011CA2CEA;
			isa = PBXBuildFile;
			settings = {
			};
		};
		8D15AC2F0486D014006FF6A4 = {
			fileRef = 089C165FFE840EACC02AAC07;
			isa = PBXBuildFile;
			settings = {
			};
		};
		8D15AC300486D014006FF6A4 = {
			buildActionMask = 2147483647;
			files = (
				8D15AC310486D014006FF6A4,
				8D15AC320486D014006FF6A4,
				1F918FF005C889BC004F9E4D,
				1FDB0A9805C89FFC004326C0,
				1F688A8005C9796200AAD092,
				1FE2B22D05D70A5F00461DCF,
				1FB6DFEC05D7ED22005C765F,
			);
			isa = PBXSourcesBuildPhase;
			runOnlyForDeploymentPostprocessing = 0;
		};
		8D15AC310486D014006FF6A4 = {
			fileRef = 2A37F4ACFDCFA73011CA2CEA;
			isa = PBXBuildFile;
			settings = {
				ATTRIBUTES = (
				);
			};
		};
		8D15AC320486D014006FF6A4 = {
			fileRef = 2A37F4B0FDCFA73011CA2CEA;
			isa = PBXBuildFile;
			settings = {
				ATTRIBUTES = (
				);
			};
		};
		8D15AC330486D014006FF6A4 = {
			buildActionMask = 2147483647;
			files = (
				8D15AC340486D014006FF6A4,
			);
			isa = PBXFrameworksBuildPhase;
			runOnlyForDeploymentPostprocessing = 0;
		};
		8D15AC340486D014006FF6A4 = {
			fileRef = 1058C7A7FEA54F5311CA2CBB;
			isa = PBXBuildFile;
			settings = {
			};
		};
		8D15AC360486D014006FF6A4 = {
			fileEncoding = 4;
			isa = PBXFileReference;
			lastKnownFileType = text.plist;
			path = Info.plist;
			refType = 4;
			sourceTree = "<group>";
		};
		8D15AC370486D014006FF6A4 = {
			explicitFileType = wrapper.application;
			includeInIndex = 0;
			isa = PBXFileReference;
			path = AnaglyphMaker.app;
			refType = 3;
			sourceTree = BUILT_PRODUCTS_DIR;
		};
	};
	rootObject = 2A37F4A9FDCFA73011CA2CEA;
}
